// !$*UTF8*$!
{
	archiveVersion = 1;
	classes = {
	};
	objectVersion = 50;
	objects = {

/* Begin PBXBuildFile section */
		390AC9DD20F72FFC002B64C0 /* AppDelegate.m in Sources */ = {isa = PBXBuildFile; fileRef = 390AC9DC20F72FFC002B64C0 /* AppDelegate.m */; };
		390AC9E020F72FFC002B64C0 /* ViewController.m in Sources */ = {isa = PBXBuildFile; fileRef = 390AC9DF20F72FFC002B64C0 /* ViewController.m */; };
		390AC9E320F72FFC002B64C0 /* Main.storyboard in Resources */ = {isa = PBXBuildFile; fileRef = 390AC9E120F72FFC002B64C0 /* Main.storyboard */; };
		390AC9E520F72FFD002B64C0 /* Assets.xcassets in Resources */ = {isa = PBXBuildFile; fileRef = 390AC9E420F72FFD002B64C0 /* Assets.xcassets */; };
		390AC9E820F72FFD002B64C0 /* LaunchScreen.storyboard in Resources */ = {isa = PBXBuildFile; fileRef = 390AC9E620F72FFD002B64C0 /* LaunchScreen.storyboard */; };
		390AC9EB20F72FFD002B64C0 /* main.m in Sources */ = {isa = PBXBuildFile; fileRef = 390AC9EA20F72FFD002B64C0 /* main.m */; };
		390AC9F520F72FFD002B64C0 /* MyAppTests.m in Sources */ = {isa = PBXBuildFile; fileRef = 390AC9F420F72FFD002B64C0 /* MyAppTests.m */; };
		390ACA0020F72FFD002B64C0 /* MyAppUITests.m in Sources */ = {isa = PBXBuildFile; fileRef = 390AC9FF20F72FFD002B64C0 /* MyAppUITests.m */; };
		3928AB3720FF0F8E008A6F18 /* TableViewVC.m in Sources */ = {isa = PBXBuildFile; fileRef = 3928AB3620FF0F8E008A6F18 /* TableViewVC.m */; };
		3928AB3A20FF1A4C008A6F18 /* MyTableViewCell.m in Sources */ = {isa = PBXBuildFile; fileRef = 3928AB3920FF1A4C008A6F18 /* MyTableViewCell.m */; };
		3954997B21057B2D00DB6E64 /* TableViewSearchVC.m in Sources */ = {isa = PBXBuildFile; fileRef = 3954997A21057B2D00DB6E64 /* TableViewSearchVC.m */; };
		3954997D21071D9800DB6E64 /* team_dictionary.plist in Resources */ = {isa = PBXBuildFile; fileRef = 3954997C21071D9700DB6E64 /* team_dictionary.plist */; };
		3954998521071F5B00DB6E64 /* GroupTableviewVC.m in Sources */ = {isa = PBXBuildFile; fileRef = 3954998421071F5B00DB6E64 /* GroupTableviewVC.m */; };
		39A0E0AA210065D70004BED5 /* team.plist in Resources */ = {isa = PBXBuildFile; fileRef = 39A0E0A9210065D60004BED5 /* team.plist */; };
		39A0E0CC21007DBF0004BED5 /* Ghana.png in Resources */ = {isa = PBXBuildFile; fileRef = 39A0E0AC21007DBF0004BED5 /* Ghana.png */; };
		39A0E0CD21007DBF0004BED5 /* Argentina.png in Resources */ = {isa = PBXBuildFile; fileRef = 39A0E0AD21007DBF0004BED5 /* Argentina.png */; };
		39A0E0CE21007DBF0004BED5 /* SouthAfrica.png in Resources */ = {isa = PBXBuildFile; fileRef = 39A0E0AE21007DBF0004BED5 /* SouthAfrica.png */; };
		39A0E0CF21007DBF0004BED5 /* Holland.png in Resources */ = {isa = PBXBuildFile; fileRef = 39A0E0AF21007DBF0004BED5 /* Holland.png */; };
		39A0E0D021007DBF0004BED5 /* Algeria.png in Resources */ = {isa = PBXBuildFile; fileRef = 39A0E0B021007DBF0004BED5 /* Algeria.png */; };
		39A0E0D121007DBF0004BED5 /* Honduras.png in Resources */ = {isa = PBXBuildFile; fileRef = 39A0E0B121007DBF0004BED5 /* Honduras.png */; };
		39A0E0D221007DBF0004BED5 /* USA.png in Resources */ = {isa = PBXBuildFile; fileRef = 39A0E0B221007DBF0004BED5 /* USA.png */; };
		39A0E0D321007DBF0004BED5 /* Australia.png in Resources */ = {isa = PBXBuildFile; fileRef = 39A0E0B321007DBF0004BED5 /* Australia.png */; };
		39A0E0D421007DBF0004BED5 /* Cameroon.png in Resources */ = {isa = PBXBuildFile; fileRef = 39A0E0B421007DBF0004BED5 /* Cameroon.png */; };
		39A0E0D521007DBF0004BED5 /* England.png in Resources */ = {isa = PBXBuildFile; fileRef = 39A0E0B521007DBF0004BED5 /* England.png */; };
		39A0E0D621007DBF0004BED5 /* CoteDIvoire.png in Resources */ = {isa = PBXBuildFile; fileRef = 39A0E0B621007DBF0004BED5 /* CoteDIvoire.png */; };
		39A0E0D721007DBF0004BED5 /* Brazil.png in Resources */ = {isa = PBXBuildFile; fileRef = 39A0E0B721007DBF0004BED5 /* Brazil.png */; };
		39A0E0D821007DBF0004BED5 /* Greece.png in Resources */ = {isa = PBXBuildFile; fileRef = 39A0E0B821007DBF0004BED5 /* Greece.png */; };
		39A0E0D921007DBF0004BED5 /* NewZealand.png in Resources */ = {isa = PBXBuildFile; fileRef = 39A0E0B921007DBF0004BED5 /* NewZealand.png */; };
		39A0E0DA21007DBF0004BED5 /* Switzerland.png in Resources */ = {isa = PBXBuildFile; fileRef = 39A0E0BA21007DBF0004BED5 /* Switzerland.png */; };
		39A0E0DB21007DBF0004BED5 /* SouthKorea.png in Resources */ = {isa = PBXBuildFile; fileRef = 39A0E0BB21007DBF0004BED5 /* SouthKorea.png */; };
		39A0E0DC21007DBF0004BED5 /* Nigeria.png in Resources */ = {isa = PBXBuildFile; fileRef = 39A0E0BC21007DBF0004BED5 /* Nigeria.png */; };
		39A0E0DD21007DBF0004BED5 /* Germany.png in Resources */ = {isa = PBXBuildFile; fileRef = 39A0E0BD21007DBF0004BED5 /* Germany.png */; };
		39A0E0DE21007DBF0004BED5 /* Portugal.png in Resources */ = {isa = PBXBuildFile; fileRef = 39A0E0BE21007DBF0004BED5 /* Portugal.png */; };
		39A0E0DF21007DBF0004BED5 /* Spain.png in Resources */ = {isa = PBXBuildFile; fileRef = 39A0E0BF21007DBF0004BED5 /* Spain.png */; };
		39A0E0E021007DBF0004BED5 /* Paraguay.png in Resources */ = {isa = PBXBuildFile; fileRef = 39A0E0C021007DBF0004BED5 /* Paraguay.png */; };
		39A0E0E121007DBF0004BED5 /* Serbia.png in Resources */ = {isa = PBXBuildFile; fileRef = 39A0E0C121007DBF0004BED5 /* Serbia.png */; };
		39A0E0E221007DBF0004BED5 /* France.png in Resources */ = {isa = PBXBuildFile; fileRef = 39A0E0C221007DBF0004BED5 /* France.png */; };
		39A0E0E321007DBF0004BED5 /* Italy.png in Resources */ = {isa = PBXBuildFile; fileRef = 39A0E0C321007DBF0004BED5 /* Italy.png */; };
		39A0E0E421007DBF0004BED5 /* Denmark.png in Resources */ = {isa = PBXBuildFile; fileRef = 39A0E0C421007DBF0004BED5 /* Denmark.png */; };
		39A0E0E521007DBF0004BED5 /* Japan.png in Resources */ = {isa = PBXBuildFile; fileRef = 39A0E0C521007DBF0004BED5 /* Japan.png */; };
		39A0E0E621007DBF0004BED5 /* Uruguay.png in Resources */ = {isa = PBXBuildFile; fileRef = 39A0E0C621007DBF0004BED5 /* Uruguay.png */; };
		39A0E0E721007DBF0004BED5 /* NorthKorea.png in Resources */ = {isa = PBXBuildFile; fileRef = 39A0E0C721007DBF0004BED5 /* NorthKorea.png */; };
		39A0E0E821007DBF0004BED5 /* Slovenia.png in Resources */ = {isa = PBXBuildFile; fileRef = 39A0E0C821007DBF0004BED5 /* Slovenia.png */; };
		39A0E0E921007DBF0004BED5 /* Slovakia.png in Resources */ = {isa = PBXBuildFile; fileRef = 39A0E0C921007DBF0004BED5 /* Slovakia.png */; };
		39A0E0EA21007DBF0004BED5 /* Chile.png in Resources */ = {isa = PBXBuildFile; fileRef = 39A0E0CA21007DBF0004BED5 /* Chile.png */; };
		39A0E0EB21007DBF0004BED5 /* Mexico.png in Resources */ = {isa = PBXBuildFile; fileRef = 39A0E0CB21007DBF0004BED5 /* Mexico.png */; };
		39A0E0EE210080710004BED5 /* TableViewCustomCellVC.m in Sources */ = {isa = PBXBuildFile; fileRef = 39A0E0ED210080710004BED5 /* TableViewCustomCellVC.m */; };
		39E315B7210994A600BE7AC9 /* StaticTableviewVC.m in Sources */ = {isa = PBXBuildFile; fileRef = 39E315B6210994A600BE7AC9 /* StaticTableviewVC.m */; };
		39E315BB210EB7F400BE7AC9 /* AddAndDelCell.m in Sources */ = {isa = PBXBuildFile; fileRef = 39E315BA210EB7F400BE7AC9 /* AddAndDelCell.m */; };
		39EE6C2420F87A320070D4AF /* WidgetStoryboard.storyboard in Resources */ = {isa = PBXBuildFile; fileRef = 39EE6C2320F87A320070D4AF /* WidgetStoryboard.storyboard */; };
		39EE6C2720F881690070D4AF /* WidgetListViewController.m in Sources */ = {isa = PBXBuildFile; fileRef = 39EE6C2620F881690070D4AF /* WidgetListViewController.m */; };
		39EE6C2B20F885870070D4AF /* LabelAndButtonVC.m in Sources */ = {isa = PBXBuildFile; fileRef = 39EE6C2A20F885870070D4AF /* LabelAndButtonVC.m */; };
/* End PBXBuildFile section */

/* Begin PBXContainerItemProxy section */
		390AC9F120F72FFD002B64C0 /* PBXContainerItemProxy */ = {
			isa = PBXContainerItemProxy;
			containerPortal = 390AC9D020F72FFC002B64C0 /* Project object */;
			proxyType = 1;
			remoteGlobalIDString = 390AC9D720F72FFC002B64C0;
			remoteInfo = MyApp;
		};
		390AC9FC20F72FFD002B64C0 /* PBXContainerItemProxy */ = {
			isa = PBXContainerItemProxy;
			containerPortal = 390AC9D020F72FFC002B64C0 /* Project object */;
			proxyType = 1;
			remoteGlobalIDString = 390AC9D720F72FFC002B64C0;
			remoteInfo = MyApp;
		};
/* End PBXContainerItemProxy section */

/* Begin PBXFileReference section */
		390AC9D820F72FFC002B64C0 /* MyApp.app */ = {isa = PBXFileReference; explicitFileType = wrapper.application; includeInIndex = 0; path = MyApp.app; sourceTree = BUILT_PRODUCTS_DIR; };
		390AC9DB20F72FFC002B64C0 /* AppDelegate.h */ = {isa = PBXFileReference; lastKnownFileType = sourcecode.c.h; path = AppDelegate.h; sourceTree = "<group>"; };
		390AC9DC20F72FFC002B64C0 /* AppDelegate.m */ = {isa = PBXFileReference; lastKnownFileType = sourcecode.c.objc; path = AppDelegate.m; sourceTree = "<group>"; };
		390AC9DE20F72FFC002B64C0 /* ViewController.h */ = {isa = PBXFileReference; lastKnownFileType = sourcecode.c.h; path = ViewController.h; sourceTree = "<group>"; };
		390AC9DF20F72FFC002B64C0 /* ViewController.m */ = {isa = PBXFileReference; lastKnownFileType = sourcecode.c.objc; path = ViewController.m; sourceTree = "<group>"; };
		390AC9E220F72FFC002B64C0 /* Base */ = {isa = PBXFileReference; lastKnownFileType = file.storyboard; name = Base; path = Base.lproj/Main.storyboard; sourceTree = "<group>"; };
		390AC9E420F72FFD002B64C0 /* Assets.xcassets */ = {isa = PBXFileReference; lastKnownFileType = folder.assetcatalog; path = Assets.xcassets; sourceTree = "<group>"; };
		390AC9E720F72FFD002B64C0 /* Base */ = {isa = PBXFileReference; lastKnownFileType = file.storyboard; name = Base; path = Base.lproj/LaunchScreen.storyboard; sourceTree = "<group>"; };
		390AC9E920F72FFD002B64C0 /* Info.plist */ = {isa = PBXFileReference; lastKnownFileType = text.plist.xml; path = Info.plist; sourceTree = "<group>"; };
		390AC9EA20F72FFD002B64C0 /* main.m */ = {isa = PBXFileReference; lastKnownFileType = sourcecode.c.objc; path = main.m; sourceTree = "<group>"; };
		390AC9F020F72FFD002B64C0 /* MyAppTests.xctest */ = {isa = PBXFileReference; explicitFileType = wrapper.cfbundle; includeInIndex = 0; path = MyAppTests.xctest; sourceTree = BUILT_PRODUCTS_DIR; };
		390AC9F420F72FFD002B64C0 /* MyAppTests.m */ = {isa = PBXFileReference; lastKnownFileType = sourcecode.c.objc; path = MyAppTests.m; sourceTree = "<group>"; };
		390AC9F620F72FFD002B64C0 /* Info.plist */ = {isa = PBXFileReference; lastKnownFileType = text.plist.xml; path = Info.plist; sourceTree = "<group>"; };
		390AC9FB20F72FFD002B64C0 /* MyAppUITests.xctest */ = {isa = PBXFileReference; explicitFileType = wrapper.cfbundle; includeInIndex = 0; path = MyAppUITests.xctest; sourceTree = BUILT_PRODUCTS_DIR; };
		390AC9FF20F72FFD002B64C0 /* MyAppUITests.m */ = {isa = PBXFileReference; lastKnownFileType = sourcecode.c.objc; path = MyAppUITests.m; sourceTree = "<group>"; };
		390ACA0120F72FFD002B64C0 /* Info.plist */ = {isa = PBXFileReference; lastKnownFileType = text.plist.xml; path = Info.plist; sourceTree = "<group>"; };
		3928AB3520FF0F85008A6F18 /* TableViewVC.h */ = {isa = PBXFileReference; lastKnownFileType = sourcecode.c.h; path = TableViewVC.h; sourceTree = "<group>"; };
		3928AB3620FF0F8E008A6F18 /* TableViewVC.m */ = {isa = PBXFileReference; lastKnownFileType = sourcecode.c.objc; path = TableViewVC.m; sourceTree = "<group>"; };
		3928AB3820FF1A44008A6F18 /* MyTableViewCell.h */ = {isa = PBXFileReference; lastKnownFileType = sourcecode.c.h; path = MyTableViewCell.h; sourceTree = "<group>"; };
		3928AB3920FF1A4C008A6F18 /* MyTableViewCell.m */ = {isa = PBXFileReference; lastKnownFileType = sourcecode.c.objc; path = MyTableViewCell.m; sourceTree = "<group>"; };
		3954997921057B1B00DB6E64 /* TableViewSearchVC.h */ = {isa = PBXFileReference; lastKnownFileType = sourcecode.c.h; path = TableViewSearchVC.h; sourceTree = "<group>"; };
		3954997A21057B2D00DB6E64 /* TableViewSearchVC.m */ = {isa = PBXFileReference; lastKnownFileType = sourcecode.c.objc; path = TableViewSearchVC.m; sourceTree = "<group>"; };
		3954997C21071D9700DB6E64 /* team_dictionary.plist */ = {isa = PBXFileReference; fileEncoding = 4; lastKnownFileType = text.plist.xml; path = team_dictionary.plist; sourceTree = "<group>"; };
		3954998021071F1E00DB6E64 /* GroupTableviewVC.h */ = {isa = PBXFileReference; lastKnownFileType = sourcecode.c.h; path = GroupTableviewVC.h; sourceTree = "<group>"; };
		3954998421071F5B00DB6E64 /* GroupTableviewVC.m */ = {isa = PBXFileReference; lastKnownFileType = sourcecode.c.objc; path = GroupTableviewVC.m; sourceTree = "<group>"; };
		39A0E0A9210065D60004BED5 /* team.plist */ = {isa = PBXFileReference; fileEncoding = 4; lastKnownFileType = text.plist.xml; path = team.plist; sourceTree = "<group>"; };
		39A0E0AC21007DBF0004BED5 /* Ghana.png */ = {isa = PBXFileReference; lastKnownFileType = image.png; path = Ghana.png; sourceTree = "<group>"; };
		39A0E0AD21007DBF0004BED5 /* Argentina.png */ = {isa = PBXFileReference; lastKnownFileType = image.png; path = Argentina.png; sourceTree = "<group>"; };
		39A0E0AE21007DBF0004BED5 /* SouthAfrica.png */ = {isa = PBXFileReference; lastKnownFileType = image.png; path = SouthAfrica.png; sourceTree = "<group>"; };
		39A0E0AF21007DBF0004BED5 /* Holland.png */ = {isa = PBXFileReference; lastKnownFileType = image.png; path = Holland.png; sourceTree = "<group>"; };
		39A0E0B021007DBF0004BED5 /* Algeria.png */ = {isa = PBXFileReference; lastKnownFileType = image.png; path = Algeria.png; sourceTree = "<group>"; };
		39A0E0B121007DBF0004BED5 /* Honduras.png */ = {isa = PBXFileReference; lastKnownFileType = image.png; path = Honduras.png; sourceTree = "<group>"; };
		39A0E0B221007DBF0004BED5 /* USA.png */ = {isa = PBXFileReference; lastKnownFileType = image.png; path = USA.png; sourceTree = "<group>"; };
		39A0E0B321007DBF0004BED5 /* Australia.png */ = {isa = PBXFileReference; lastKnownFileType = image.png; path = Australia.png; sourceTree = "<group>"; };
		39A0E0B421007DBF0004BED5 /* Cameroon.png */ = {isa = PBXFileReference; lastKnownFileType = image.png; path = Cameroon.png; sourceTree = "<group>"; };
		39A0E0B521007DBF0004BED5 /* England.png */ = {isa = PBXFileReference; lastKnownFileType = image.png; path = England.png; sourceTree = "<group>"; };
		39A0E0B621007DBF0004BED5 /* CoteDIvoire.png */ = {isa = PBXFileReference; lastKnownFileType = image.png; path = CoteDIvoire.png; sourceTree = "<group>"; };
		39A0E0B721007DBF0004BED5 /* Brazil.png */ = {isa = PBXFileReference; lastKnownFileType = image.png; path = Brazil.png; sourceTree = "<group>"; };
		39A0E0B821007DBF0004BED5 /* Greece.png */ = {isa = PBXFileReference; lastKnownFileType = image.png; path = Greece.png; sourceTree = "<group>"; };
		39A0E0B921007DBF0004BED5 /* NewZealand.png */ = {isa = PBXFileReference; lastKnownFileType = image.png; path = NewZealand.png; sourceTree = "<group>"; };
		39A0E0BA21007DBF0004BED5 /* Switzerland.png */ = {isa = PBXFileReference; lastKnownFileType = image.png; path = Switzerland.png; sourceTree = "<group>"; };
		39A0E0BB21007DBF0004BED5 /* SouthKorea.png */ = {isa = PBXFileReference; lastKnownFileType = image.png; path = SouthKorea.png; sourceTree = "<group>"; };
		39A0E0BC21007DBF0004BED5 /* Nigeria.png */ = {isa = PBXFileReference; lastKnownFileType = image.png; path = Nigeria.png; sourceTree = "<group>"; };
		39A0E0BD21007DBF0004BED5 /* Germany.png */ = {isa = PBXFileReference; lastKnownFileType = image.png; path = Germany.png; sourceTree = "<group>"; };
		39A0E0BE21007DBF0004BED5 /* Portugal.png */ = {isa = PBXFileReference; lastKnownFileType = image.png; path = Portugal.png; sourceTree = "<group>"; };
		39A0E0BF21007DBF0004BED5 /* Spain.png */ = {isa = PBXFileReference; lastKnownFileType = image.png; path = Spain.png; sourceTree = "<group>"; };
		39A0E0C021007DBF0004BED5 /* Paraguay.png */ = {isa = PBXFileReference; lastKnownFileType = image.png; path = Paraguay.png; sourceTree = "<group>"; };
		39A0E0C121007DBF0004BED5 /* Serbia.png */ = {isa = PBXFileReference; lastKnownFileType = image.png; path = Serbia.png; sourceTree = "<group>"; };
		39A0E0C221007DBF0004BED5 /* France.png */ = {isa = PBXFileReference; lastKnownFileType = image.png; path = France.png; sourceTree = "<group>"; };
		39A0E0C321007DBF0004BED5 /* Italy.png */ = {isa = PBXFileReference; lastKnownFileType = image.png; path = Italy.png; sourceTree = "<group>"; };
		39A0E0C421007DBF0004BED5 /* Denmark.png */ = {isa = PBXFileReference; lastKnownFileType = image.png; path = Denmark.png; sourceTree = "<group>"; };
		39A0E0C521007DBF0004BED5 /* Japan.png */ = {isa = PBXFileReference; lastKnownFileType = image.png; path = Japan.png; sourceTree = "<group>"; };
		39A0E0C621007DBF0004BED5 /* Uruguay.png */ = {isa = PBXFileReference; lastKnownFileType = image.png; path = Uruguay.png; sourceTree = "<group>"; };
		39A0E0C721007DBF0004BED5 /* NorthKorea.png */ = {isa = PBXFileReference; lastKnownFileType = image.png; path = NorthKorea.png; sourceTree = "<group>"; };
		39A0E0C821007DBF0004BED5 /* Slovenia.png */ = {isa = PBXFileReference; lastKnownFileType = image.png; path = Slovenia.png; sourceTree = "<group>"; };
		39A0E0C921007DBF0004BED5 /* Slovakia.png */ = {isa = PBXFileReference; lastKnownFileType = image.png; path = Slovakia.png; sourceTree = "<group>"; };
		39A0E0CA21007DBF0004BED5 /* Chile.png */ = {isa = PBXFileReference; lastKnownFileType = image.png; path = Chile.png; sourceTree = "<group>"; };
		39A0E0CB21007DBF0004BED5 /* Mexico.png */ = {isa = PBXFileReference; lastKnownFileType = image.png; path = Mexico.png; sourceTree = "<group>"; };
		39A0E0EC210080640004BED5 /* TableViewCustomCellVC.h */ = {isa = PBXFileReference; lastKnownFileType = sourcecode.c.h; path = TableViewCustomCellVC.h; sourceTree = "<group>"; };
		39A0E0ED210080710004BED5 /* TableViewCustomCellVC.m */ = {isa = PBXFileReference; lastKnownFileType = sourcecode.c.objc; path = TableViewCustomCellVC.m; sourceTree = "<group>"; };
		39E315B6210994A600BE7AC9 /* StaticTableviewVC.m */ = {isa = PBXFileReference; lastKnownFileType = sourcecode.c.objc; path = StaticTableviewVC.m; sourceTree = "<group>"; };
		39E315B8210994B700BE7AC9 /* StaticTableviewVC.h */ = {isa = PBXFileReference; lastKnownFileType = sourcecode.c.h; path = StaticTableviewVC.h; sourceTree = "<group>"; };
		39E315B9210EB7E700BE7AC9 /* AddAndDelCell.h */ = {isa = PBXFileReference; lastKnownFileType = sourcecode.c.h; path = AddAndDelCell.h; sourceTree = "<group>"; };
		39E315BA210EB7F400BE7AC9 /* AddAndDelCell.m */ = {isa = PBXFileReference; lastKnownFileType = sourcecode.c.objc; path = AddAndDelCell.m; sourceTree = "<group>"; };
		39EE6C2320F87A320070D4AF /* WidgetStoryboard.storyboard */ = {isa = PBXFileReference; lastKnownFileType = file.storyboard; path = WidgetStoryboard.storyboard; sourceTree = "<group>"; };
		39EE6C2520F881580070D4AF /* WidgetListViewController.h */ = {isa = PBXFileReference; lastKnownFileType = sourcecode.c.h; path = WidgetListViewController.h; sourceTree = "<group>"; };
		39EE6C2620F881690070D4AF /* WidgetListViewController.m */ = {isa = PBXFileReference; lastKnownFileType = sourcecode.c.objc; path = WidgetListViewController.m; sourceTree = "<group>"; };
		39EE6C2920F885350070D4AF /* LabelAndButtonVC.h */ = {isa = PBXFileReference; lastKnownFileType = sourcecode.c.h; path = LabelAndButtonVC.h; sourceTree = "<group>"; };
		39EE6C2A20F885870070D4AF /* LabelAndButtonVC.m */ = {isa = PBXFileReference; lastKnownFileType = sourcecode.c.objc; path = LabelAndButtonVC.m; sourceTree = "<group>"; };
/* End PBXFileReference section */

/* Begin PBXFrameworksBuildPhase section */
		390AC9D520F72FFC002B64C0 /* Frameworks */ = {
			isa = PBXFrameworksBuildPhase;
			buildActionMask = 2147483647;
			files = (
			);
			runOnlyForDeploymentPostprocessing = 0;
		};
		390AC9ED20F72FFD002B64C0 /* Frameworks */ = {
			isa = PBXFrameworksBuildPhase;
			buildActionMask = 2147483647;
			files = (
			);
			runOnlyForDeploymentPostprocessing = 0;
		};
		390AC9F820F72FFD002B64C0 /* Frameworks */ = {
			isa = PBXFrameworksBuildPhase;
			buildActionMask = 2147483647;
			files = (
			);
			runOnlyForDeploymentPostprocessing = 0;
		};
/* End PBXFrameworksBuildPhase section */

/* Begin PBXGroup section */
		390AC9CF20F72FFC002B64C0 = {
			isa = PBXGroup;
			children = (
				390AC9DA20F72FFC002B64C0 /* MyApp */,
				390AC9F320F72FFD002B64C0 /* MyAppTests */,
				390AC9FE20F72FFD002B64C0 /* MyAppUITests */,
				390AC9D920F72FFC002B64C0 /* Products */,
			);
			sourceTree = "<group>";
		};
		390AC9D920F72FFC002B64C0 /* Products */ = {
			isa = PBXGroup;
			children = (
				390AC9D820F72FFC002B64C0 /* MyApp.app */,
				390AC9F020F72FFD002B64C0 /* MyAppTests.xctest */,
				390AC9FB20F72FFD002B64C0 /* MyAppUITests.xctest */,
			);
			name = Products;
			sourceTree = "<group>";
		};
		390AC9DA20F72FFC002B64C0 /* MyApp */ = {
			isa = PBXGroup;
			children = (
				39A0E0AB21007DBF0004BED5 /* image */,
				39A0E0A9210065D60004BED5 /* team.plist */,
				3954997C21071D9700DB6E64 /* team_dictionary.plist */,
				39EE6C2220F87A120070D4AF /* widgets */,
				39EE6C2120F879FA0070D4AF /* storyboards */,
				390AC9DE20F72FFC002B64C0 /* ViewController.h */,
				390AC9DF20F72FFC002B64C0 /* ViewController.m */,
				390AC9E120F72FFC002B64C0 /* Main.storyboard */,
				390AC9E420F72FFD002B64C0 /* Assets.xcassets */,
				390AC9E620F72FFD002B64C0 /* LaunchScreen.storyboard */,
				390AC9E920F72FFD002B64C0 /* Info.plist */,
				390AC9EA20F72FFD002B64C0 /* main.m */,
			);
			path = MyApp;
			sourceTree = "<group>";
		};
		390AC9F320F72FFD002B64C0 /* MyAppTests */ = {
			isa = PBXGroup;
			children = (
				390AC9F420F72FFD002B64C0 /* MyAppTests.m */,
				390AC9F620F72FFD002B64C0 /* Info.plist */,
			);
			path = MyAppTests;
			sourceTree = "<group>";
		};
		390AC9FE20F72FFD002B64C0 /* MyAppUITests */ = {
			isa = PBXGroup;
			children = (
				390AC9FF20F72FFD002B64C0 /* MyAppUITests.m */,
				390ACA0120F72FFD002B64C0 /* Info.plist */,
			);
			path = MyAppUITests;
			sourceTree = "<group>";
		};
		39A0E0AB21007DBF0004BED5 /* image */ = {
			isa = PBXGroup;
			children = (
				39A0E0AC21007DBF0004BED5 /* Ghana.png */,
				39A0E0AD21007DBF0004BED5 /* Argentina.png */,
				39A0E0AE21007DBF0004BED5 /* SouthAfrica.png */,
				39A0E0AF21007DBF0004BED5 /* Holland.png */,
				39A0E0B021007DBF0004BED5 /* Algeria.png */,
				39A0E0B121007DBF0004BED5 /* Honduras.png */,
				39A0E0B221007DBF0004BED5 /* USA.png */,
				39A0E0B321007DBF0004BED5 /* Australia.png */,
				39A0E0B421007DBF0004BED5 /* Cameroon.png */,
				39A0E0B521007DBF0004BED5 /* England.png */,
				39A0E0B621007DBF0004BED5 /* CoteDIvoire.png */,
				39A0E0B721007DBF0004BED5 /* Brazil.png */,
				39A0E0B821007DBF0004BED5 /* Greece.png */,
				39A0E0B921007DBF0004BED5 /* NewZealand.png */,
				39A0E0BA21007DBF0004BED5 /* Switzerland.png */,
				39A0E0BB21007DBF0004BED5 /* SouthKorea.png */,
				39A0E0BC21007DBF0004BED5 /* Nigeria.png */,
				39A0E0BD21007DBF0004BED5 /* Germany.png */,
				39A0E0BE21007DBF0004BED5 /* Portugal.png */,
				39A0E0BF21007DBF0004BED5 /* Spain.png */,
				39A0E0C021007DBF0004BED5 /* Paraguay.png */,
				39A0E0C121007DBF0004BED5 /* Serbia.png */,
				39A0E0C221007DBF0004BED5 /* France.png */,
				39A0E0C321007DBF0004BED5 /* Italy.png */,
				39A0E0C421007DBF0004BED5 /* Denmark.png */,
				39A0E0C521007DBF0004BED5 /* Japan.png */,
				39A0E0C621007DBF0004BED5 /* Uruguay.png */,
				39A0E0C721007DBF0004BED5 /* NorthKorea.png */,
				39A0E0C821007DBF0004BED5 /* Slovenia.png */,
				39A0E0C921007DBF0004BED5 /* Slovakia.png */,
				39A0E0CA21007DBF0004BED5 /* Chile.png */,
				39A0E0CB21007DBF0004BED5 /* Mexico.png */,
			);
			path = image;
			sourceTree = "<group>";
		};
		39EE6C2120F879FA0070D4AF /* storyboards */ = {
			isa = PBXGroup;
			children = (
				39EE6C2320F87A320070D4AF /* WidgetStoryboard.storyboard */,
			);
			path = storyboards;
			sourceTree = "<group>";
		};
		39EE6C2220F87A120070D4AF /* widgets */ = {
			isa = PBXGroup;
			children = (
				39E315BA210EB7F400BE7AC9 /* AddAndDelCell.m */,
				39E315B9210EB7E700BE7AC9 /* AddAndDelCell.h */,
				390AC9DB20F72FFC002B64C0 /* AppDelegate.h */,
				390AC9DC20F72FFC002B64C0 /* AppDelegate.m */,
				39E315B6210994A600BE7AC9 /* StaticTableviewVC.m */,
				39E315B8210994B700BE7AC9 /* StaticTableviewVC.h */,
				39EE6C2520F881580070D4AF /* WidgetListViewController.h */,
				39EE6C2620F881690070D4AF /* WidgetListViewController.m */,
				39EE6C2920F885350070D4AF /* LabelAndButtonVC.h */,
				39EE6C2A20F885870070D4AF /* LabelAndButtonVC.m */,
				3928AB3520FF0F85008A6F18 /* TableViewVC.h */,
				3928AB3620FF0F8E008A6F18 /* TableViewVC.m */,
				3928AB3820FF1A44008A6F18 /* MyTableViewCell.h */,
				3928AB3920FF1A4C008A6F18 /* MyTableViewCell.m */,
				39A0E0EC210080640004BED5 /* TableViewCustomCellVC.h */,
				39A0E0ED210080710004BED5 /* TableViewCustomCellVC.m */,
				3954997921057B1B00DB6E64 /* TableViewSearchVC.h */,
				3954997A21057B2D00DB6E64 /* TableViewSearchVC.m */,
				3954998021071F1E00DB6E64 /* GroupTableviewVC.h */,
				3954998421071F5B00DB6E64 /* GroupTableviewVC.m */,
			);
			path = widgets;
			sourceTree = "<group>";
		};
/* End PBXGroup section */

/* Begin PBXNativeTarget section */
		390AC9D720F72FFC002B64C0 /* MyApp */ = {
			isa = PBXNativeTarget;
			buildConfigurationList = 390ACA0420F72FFD002B64C0 /* Build configuration list for PBXNativeTarget "MyApp" */;
			buildPhases = (
				390AC9D420F72FFC002B64C0 /* Sources */,
				390AC9D520F72FFC002B64C0 /* Frameworks */,
				390AC9D620F72FFC002B64C0 /* Resources */,
			);
			buildRules = (
			);
			dependencies = (
			);
			name = MyApp;
			productName = MyApp;
			productReference = 390AC9D820F72FFC002B64C0 /* MyApp.app */;
			productType = "com.apple.product-type.application";
		};
		390AC9EF20F72FFD002B64C0 /* MyAppTests */ = {
			isa = PBXNativeTarget;
			buildConfigurationList = 390ACA0720F72FFD002B64C0 /* Build configuration list for PBXNativeTarget "MyAppTests" */;
			buildPhases = (
				390AC9EC20F72FFD002B64C0 /* Sources */,
				390AC9ED20F72FFD002B64C0 /* Frameworks */,
				390AC9EE20F72FFD002B64C0 /* Resources */,
			);
			buildRules = (
			);
			dependencies = (
				390AC9F220F72FFD002B64C0 /* PBXTargetDependency */,
			);
			name = MyAppTests;
			productName = MyAppTests;
			productReference = 390AC9F020F72FFD002B64C0 /* MyAppTests.xctest */;
			productType = "com.apple.product-type.bundle.unit-test";
		};
		390AC9FA20F72FFD002B64C0 /* MyAppUITests */ = {
			isa = PBXNativeTarget;
			buildConfigurationList = 390ACA0A20F72FFD002B64C0 /* Build configuration list for PBXNativeTarget "MyAppUITests" */;
			buildPhases = (
				390AC9F720F72FFD002B64C0 /* Sources */,
				390AC9F820F72FFD002B64C0 /* Frameworks */,
				390AC9F920F72FFD002B64C0 /* Resources */,
			);
			buildRules = (
			);
			dependencies = (
				390AC9FD20F72FFD002B64C0 /* PBXTargetDependency */,
			);
			name = MyAppUITests;
			productName = MyAppUITests;
			productReference = 390AC9FB20F72FFD002B64C0 /* MyAppUITests.xctest */;
			productType = "com.apple.product-type.bundle.ui-testing";
		};
/* End PBXNativeTarget section */

/* Begin PBXProject section */
		390AC9D020F72FFC002B64C0 /* Project object */ = {
			isa = PBXProject;
			attributes = {
				LastUpgradeCheck = 0940;
				ORGANIZATIONNAME = "___FUdLLUSERNAME___";
				TargetAttributes = {
					390AC9D720F72FFC002B64C0 = {
						CreatedOnToolsVersion = 9.4.1;
					};
					390AC9EF20F72FFD002B64C0 = {
						CreatedOnToolsVersion = 9.4.1;
						TestTargetID = 390AC9D720F72FFC002B64C0;
					};
					390AC9FA20F72FFD002B64C0 = {
						CreatedOnToolsVersion = 9.4.1;
						TestTargetID = 390AC9D720F72FFC002B64C0;
					};
				};
			};
			buildConfigurationList = 390AC9D320F72FFC002B64C0 /* Build configuration list for PBXProject "MyApp" */;
			compatibilityVersion = "Xcode 9.3";
			developmentRegion = en;
			hasScannedForEncodings = 0;
			knownRegions = (
				en,
				Base,
			);
			mainGroup = 390AC9CF20F72FFC002B64C0;
			productRefGroup = 390AC9D920F72FFC002B64C0 /* Products */;
			projectDirPath = "";
			projectRoot = "";
			targets = (
				390AC9D720F72FFC002B64C0 /* MyApp */,
				390AC9EF20F72FFD002B64C0 /* MyAppTests */,
				390AC9FA20F72FFD002B64C0 /* MyAppUITests */,
			);
		};
/* End PBXProject section */

/* Begin PBXResourcesBuildPhase section */
		390AC9D620F72FFC002B64C0 /* Resources */ = {
			isa = PBXResourcesBuildPhase;
			buildActionMask = 2147483647;
			files = (
				39A0E0DD21007DBF0004BED5 /* Germany.png in Resources */,
				39A0E0DF21007DBF0004BED5 /* Spain.png in Resources */,
				390AC9E820F72FFD002B64C0 /* LaunchScreen.storyboard in Resources */,
				39A0E0D021007DBF0004BED5 /* Algeria.png in Resources */,
				39A0E0AA210065D70004BED5 /* team.plist in Resources */,
				39A0E0D721007DBF0004BED5 /* Brazil.png in Resources */,
				39A0E0D921007DBF0004BED5 /* NewZealand.png in Resources */,
				39A0E0DC21007DBF0004BED5 /* Nigeria.png in Resources */,
				39A0E0D421007DBF0004BED5 /* Cameroon.png in Resources */,
				39A0E0D221007DBF0004BED5 /* USA.png in Resources */,
				39A0E0E121007DBF0004BED5 /* Serbia.png in Resources */,
				39A0E0CD21007DBF0004BED5 /* Argentina.png in Resources */,
				39A0E0E721007DBF0004BED5 /* NorthKorea.png in Resources */,
				39A0E0D121007DBF0004BED5 /* Honduras.png in Resources */,
				39A0E0CE21007DBF0004BED5 /* SouthAfrica.png in Resources */,
				39A0E0D321007DBF0004BED5 /* Australia.png in Resources */,
				39A0E0DE21007DBF0004BED5 /* Portugal.png in Resources */,
				39A0E0E621007DBF0004BED5 /* Uruguay.png in Resources */,
				39A0E0E321007DBF0004BED5 /* Italy.png in Resources */,
				390AC9E520F72FFD002B64C0 /* Assets.xcassets in Resources */,
				39A0E0E921007DBF0004BED5 /* Slovakia.png in Resources */,
				39A0E0DB21007DBF0004BED5 /* SouthKorea.png in Resources */,
				390AC9E320F72FFC002B64C0 /* Main.storyboard in Resources */,
				39A0E0DA21007DBF0004BED5 /* Switzerland.png in Resources */,
				39A0E0E221007DBF0004BED5 /* France.png in Resources */,
				39A0E0EA21007DBF0004BED5 /* Chile.png in Resources */,
				39A0E0CF21007DBF0004BED5 /* Holland.png in Resources */,
				39A0E0D521007DBF0004BED5 /* England.png in Resources */,
				39A0E0E421007DBF0004BED5 /* Denmark.png in Resources */,
				39A0E0E021007DBF0004BED5 /* Paraguay.png in Resources */,
				39A0E0EB21007DBF0004BED5 /* Mexico.png in Resources */,
				39EE6C2420F87A320070D4AF /* WidgetStoryboard.storyboard in Resources */,
				39A0E0CC21007DBF0004BED5 /* Ghana.png in Resources */,
				39A0E0D821007DBF0004BED5 /* Greece.png in Resources */,
				39A0E0E521007DBF0004BED5 /* Japan.png in Resources */,
				39A0E0E821007DBF0004BED5 /* Slovenia.png in Resources */,
				39A0E0D621007DBF0004BED5 /* CoteDIvoire.png in Resources */,
				3954997D21071D9800DB6E64 /* team_dictionary.plist in Resources */,
			);
			runOnlyForDeploymentPostprocessing = 0;
		};
		390AC9EE20F72FFD002B64C0 /* Resources */ = {
			isa = PBXResourcesBuildPhase;
			buildActionMask = 2147483647;
			files = (
			);
			runOnlyForDeploymentPostprocessing = 0;
		};
		390AC9F920F72FFD002B64C0 /* Resources */ = {
			isa = PBXResourcesBuildPhase;
			buildActionMask = 2147483647;
			files = (
			);
			runOnlyForDeploymentPostprocessing = 0;
		};
/* End PBXResourcesBuildPhase section */

/* Begin PBXSourcesBuildPhase section */
		390AC9D420F72FFC002B64C0 /* Sources */ = {
			isa = PBXSourcesBuildPhase;
			buildActionMask = 2147483647;
			files = (
				39E315B7210994A600BE7AC9 /* StaticTableviewVC.m in Sources */,
				3954997B21057B2D00DB6E64 /* TableViewSearchVC.m in Sources */,
				3928AB3720FF0F8E008A6F18 /* TableViewVC.m in Sources */,
				39A0E0EE210080710004BED5 /* TableViewCustomCellVC.m in Sources */,
				39EE6C2720F881690070D4AF /* WidgetListViewController.m in Sources */,
				39EE6C2B20F885870070D4AF /* LabelAndButtonVC.m in Sources */,
				390AC9E020F72FFC002B64C0 /* ViewController.m in Sources */,
				3954998521071F5B00DB6E64 /* GroupTableviewVC.m in Sources */,
				3928AB3A20FF1A4C008A6F18 /* MyTableViewCell.m in Sources */,
				390AC9EB20F72FFD002B64C0 /* main.m in Sources */,
				390AC9DD20F72FFC002B64C0 /* AppDelegate.m in Sources */,
				39E315BB210EB7F400BE7AC9 /* AddAndDelCell.m in Sources */,
			);
			runOnlyForDeploymentPostprocessing = 0;
		};
		390AC9EC20F72FFD002B64C0 /* Sources */ = {
			isa = PBXSourcesBuildPhase;
			buildActionMask = 2147483647;
			files = (
				390AC9F520F72FFD002B64C0 /* MyAppTests.m in Sources */,
			);
			runOnlyForDeploymentPostprocessing = 0;
		};
		390AC9F720F72FFD002B64C0 /* Sources */ = {
			isa = PBXSourcesBuildPhase;
			buildActionMask = 2147483647;
			files = (
				390ACA0020F72FFD002B64C0 /* MyAppUITests.m in Sources */,
			);
			runOnlyForDeploymentPostprocessing = 0;
		};
/* End PBXSourcesBuildPhase section */

/* Begin PBXTargetDependency section */
		390AC9F220F72FFD002B64C0 /* PBXTargetDependency */ = {
			isa = PBXTargetDependency;
			target = 390AC9D720F72FFC002B64C0 /* MyApp */;
			targetProxy = 390AC9F120F72FFD002B64C0 /* PBXContainerItemProxy */;
		};
		390AC9FD20F72FFD002B64C0 /* PBXTargetDependency */ = {
			isa = PBXTargetDependency;
			target = 390AC9D720F72FFC002B64C0 /* MyApp */;
			targetProxy = 390AC9FC20F72FFD002B64C0 /* PBXContainerItemProxy */;
		};
/* End PBXTargetDependency section */

/* Begin PBXVariantGroup section */
		390AC9E120F72FFC002B64C0 /* Main.storyboard */ = {
			isa = PBXVariantGroup;
			children = (
				390AC9E220F72FFC002B64C0 /* Base */,
			);
			name = Main.storyboard;
			sourceTree = "<group>";
		};
		390AC9E620F72FFD002B64C0 /* LaunchScreen.storyboard */ = {
			isa = PBXVariantGroup;
			children = (
				390AC9E720F72FFD002B64C0 /* Base */,
			);
			name = LaunchScreen.storyboard;
			sourceTree = "<group>";
		};
/* End PBXVariantGroup section */

/* Begin XCBuildConfiguration section */
		390ACA0220F72FFD002B64C0 /* Debug */ = {
			isa = XCBuildConfiguration;
			buildSettings = {
				ALWAYS_SEARCH_USER_PATHS = NO;
				CLANG_ANALYZER_NONNULL = YES;
				CLANG_ANALYZER_NUMBER_OBJECT_CONVERSION = YES_AGGRESSIVE;
				CLANG_CXX_LANGUAGE_STANDARD = "gnu++14";
				CLANG_CXX_LIBRARY = "libc++";
				CLANG_ENABLE_MODULES = YES;
				CLANG_ENABLE_OBJC_ARC = YES;
				CLANG_ENABLE_OBJC_WEAK = YES;
				CLANG_WARN_BLOCK_CAPTURE_AUTORELEASING = YES;
				CLANG_WARN_BOOL_CONVERSION = YES;
				CLANG_WARN_COMMA = YES;
				CLANG_WARN_CONSTANT_CONVERSION = YES;
				CLANG_WARN_DEPRECATED_OBJC_IMPLEMENTATIONS = YES;
				CLANG_WARN_DIRECT_OBJC_ISA_USAGE = YES_ERROR;
				CLANG_WARN_DOCUMENTATION_COMMENTS = YES;
				CLANG_WARN_EMPTY_BODY = YES;
				CLANG_WARN_ENUM_CONVERSION = YES;
				CLANG_WARN_INFINITE_RECURSION = YES;
				CLANG_WARN_INT_CONVERSION = YES;
				CLANG_WARN_NON_LITERAL_NULL_CONVERSION = YES;
				CLANG_WARN_OBJC_IMPLICIT_RETAIN_SELF = YES;
				CLANG_WARN_OBJC_LITERAL_CONVERSION = YES;
				CLANG_WARN_OBJC_ROOT_CLASS = YES_ERROR;
				CLANG_WARN_RANGE_LOOP_ANALYSIS = YES;
				CLANG_WARN_STRICT_PROTOTYPES = YES;
				CLANG_WARN_SUSPICIOUS_MOVE = YES;
				CLANG_WARN_UNGUARDED_AVAILABILITY = YES_AGGRESSIVE;
				CLANG_WARN_UNREACHABLE_CODE = YES;
				CLANG_WARN__DUPLICATE_METHOD_MATCH = YES;
				CODE_SIGN_IDENTITY = "iPhone Developer";
				COPY_PHASE_STRIP = NO;
				DEBUG_INFORMATION_FORMAT = dwarf;
				ENABLE_STRICT_OBJC_MSGSEND = YES;
				ENABLE_TESTABILITY = YES;
				GCC_C_LANGUAGE_STANDARD = gnu11;
				GCC_DYNAMIC_NO_PIC = NO;
				GCC_NO_COMMON_BLOCKS = YES;
				GCC_OPTIMIZATION_LEVEL = 0;
				GCC_PREPROCESSOR_DEFINITIONS = (
					"DEBUG=1",
					"$(inherited)",
				);
				GCC_WARN_64_TO_32_BIT_CONVERSION = YES;
				GCC_WARN_ABOUT_RETURN_TYPE = YES_ERROR;
				GCC_WARN_UNDECLARED_SELECTOR = YES;
				GCC_WARN_UNINITIALIZED_AUTOS = YES_AGGRESSIVE;
				GCC_WARN_UNUSED_FUNCTION = YES;
				GCC_WARN_UNUSED_VARIABLE = YES;
				IPHONEOS_DEPLOYMENT_TARGET = 11.4;
				MTL_ENABLE_DEBUG_INFO = YES;
				ONLY_ACTIVE_ARCH = YES;
				SDKROOT = iphoneos;
			};
			name = Debug;
		};
		390ACA0320F72FFD002B64C0 /* Release */ = {
			isa = XCBuildConfiguration;
			buildSettings = {
				ALWAYS_SEARCH_USER_PATHS = NO;
				CLANG_ANALYZER_NONNULL = YES;
				CLANG_ANALYZER_NUMBER_OBJECT_CONVERSION = YES_AGGRESSIVE;
				CLANG_CXX_LANGUAGE_STANDARD = "gnu++14";
				CLANG_CXX_LIBRARY = "libc++";
				CLANG_ENABLE_MODULES = YES;
				CLANG_ENABLE_OBJC_ARC = YES;
				CLANG_ENABLE_OBJC_WEAK = YES;
				CLANG_WARN_BLOCK_CAPTURE_AUTORELEASING = YES;
				CLANG_WARN_BOOL_CONVERSION = YES;
				CLANG_WARN_COMMA = YES;
				CLANG_WARN_CONSTANT_CONVERSION = YES;
				CLANG_WARN_DEPRECATED_OBJC_IMPLEMENTATIONS = YES;
				CLANG_WARN_DIRECT_OBJC_ISA_USAGE = YES_ERROR;
				CLANG_WARN_DOCUMENTATION_COMMENTS = YES;
				CLANG_WARN_EMPTY_BODY = YES;
				CLANG_WARN_ENUM_CONVERSION = YES;
				CLANG_WARN_INFINITE_RECURSION = YES;
				CLANG_WARN_INT_CONVERSION = YES;
				CLANG_WARN_NON_LITERAL_NULL_CONVERSION = YES;
				CLANG_WARN_OBJC_IMPLICIT_RETAIN_SELF = YES;
				CLANG_WARN_OBJC_LITERAL_CONVERSION = YES;
				CLANG_WARN_OBJC_ROOT_CLASS = YES_ERROR;
				CLANG_WARN_RANGE_LOOP_ANALYSIS = YES;
				CLANG_WARN_STRICT_PROTOTYPES = YES;
				CLANG_WARN_SUSPICIOUS_MOVE = YES;
				CLANG_WARN_UNGUARDED_AVAILABILITY = YES_AGGRESSIVE;
				CLANG_WARN_UNREACHABLE_CODE = YES;
				CLANG_WARN__DUPLICATE_METHOD_MATCH = YES;
				CODE_SIGN_IDENTITY = "iPhone Developer";
				COPY_PHASE_STRIP = NO;
				DEBUG_INFORMATION_FORMAT = "dwarf-with-dsym";
				ENABLE_NS_ASSERTIONS = NO;
				ENABLE_STRICT_OBJC_MSGSEND = YES;
				GCC_C_LANGUAGE_STANDARD = gnu11;
				GCC_NO_COMMON_BLOCKS = YES;
				GCC_WARN_64_TO_32_BIT_CONVERSION = YES;
				GCC_WARN_ABOUT_RETURN_TYPE = YES_ERROR;
				GCC_WARN_UNDECLARED_SELECTOR = YES;
				GCC_WARN_UNINITIALIZED_AUTOS = YES_AGGRESSIVE;
				GCC_WARN_UNUSED_FUNCTION = YES;
				GCC_WARN_UNUSED_VARIABLE = YES;
				IPHONEOS_DEPLOYMENT_TARGET = 11.4;
				MTL_ENABLE_DEBUG_INFO = NO;
				SDKROOT = iphoneos;
				VALIDATE_PRODUCT = YES;
			};
			name = Release;
		};
		390ACA0520F72FFD002B64C0 /* Debug */ = {
			isa = XCBuildConfiguration;
			buildSettings = {
				ASSETCATALOG_COMPILER_APPICON_NAME = AppIcon;
				CODE_SIGN_STYLE = Automatic;
				DEVELOPMENT_TEAM = ZUM3XFVCCB;
				INFOPLIST_FILE = MyApp/Info.plist;
				IPHONEOS_DEPLOYMENT_TARGET = 11.1;
				LD_RUNPATH_SEARCH_PATHS = (
					"$(inherited)",
					"@executable_path/Frameworks",
				);
				PRODUCT_BUNDLE_IDENTIFIER = test.MyApp.123;
				PRODUCT_NAME = "$(TARGET_NAME)";
				TARGETED_DEVICE_FAMILY = "1,2";
			};
			name = Debug;
		};
		390ACA0620F72FFD002B64C0 /* Release */ = {
			isa = XCBuildConfiguration;
			buildSettings = {
				ASSETCATALOG_COMPILER_APPICON_NAME = AppIcon;
				CODE_SIGN_STYLE = Automatic;
				DEVELOPMENT_TEAM = ZUM3XFVCCB;
				INFOPLIST_FILE = MyApp/Info.plist;
				IPHONEOS_DEPLOYMENT_TARGET = 11.1;
				LD_RUNPATH_SEARCH_PATHS = (
					"$(inherited)",
					"@executable_path/Frameworks",
				);
				PRODUCT_BUNDLE_IDENTIFIER = test.MyApp.123;
				PRODUCT_NAME = "$(TARGET_NAME)";
				TARGETED_DEVICE_FAMILY = "1,2";
			};
			name = Release;
		};
		390ACA0820F72FFD002B64C0 /* Debug */ = {
			isa = XCBuildConfiguration;
			buildSettings = {
				BUNDLE_LOADER = "$(TEST_HOST)";
				CODE_SIGN_STYLE = Automatic;
				INFOPLIST_FILE = MyAppTests/Info.plist;
				LD_RUNPATH_SEARCH_PATHS = (
					"$(inherited)",
					"@executable_path/Frameworks",
					"@loader_path/Frameworks",
				);
				PRODUCT_BUNDLE_IDENTIFIER = test.MyAppTests;
				PRODUCT_NAME = "$(TARGET_NAME)";
				TARGETED_DEVICE_FAMILY = "1,2";
				TEST_HOST = "$(BUILT_PRODUCTS_DIR)/MyApp.app/MyApp";
			};
			name = Debug;
		};
		390ACA0920F72FFD002B64C0 /* Release */ = {
			isa = XCBuildConfiguration;
			buildSettings = {
				BUNDLE_LOADER = "$(TEST_HOST)";
				CODE_SIGN_STYLE = Automatic;
				INFOPLIST_FILE = MyAppTests/Info.plist;
				LD_RUNPATH_SEARCH_PATHS = (
					"$(inherited)",
					"@executable_path/Frameworks",
					"@loader_path/Frameworks",
				);
				PRODUCT_BUNDLE_IDENTIFIER = test.MyAppTests;
				PRODUCT_NAME = "$(TARGET_NAME)";
				TARGETED_DEVICE_FAMILY = "1,2";
				TEST_HOST = "$(BUILT_PRODUCTS_DIR)/MyApp.app/MyApp";
			};
			name = Release;
		};
		390ACA0B20F72FFD002B64C0 /* Debug */ = {
			isa = XCBuildConfiguration;
			buildSettings = {
				CODE_SIGN_STYLE = Automatic;
				INFOPLIST_FILE = MyAppUITests/Info.plist;
				LD_RUNPATH_SEARCH_PATHS = (
					"$(inherited)",
					"@executable_path/Frameworks",
					"@loader_path/Frameworks",
				);
				PRODUCT_BUNDLE_IDENTIFIER = test.MyAppUITests;
				PRODUCT_NAME = "$(TARGET_NAME)";
				TARGETED_DEVICE_FAMILY = "1,2";
				TEST_TARGET_NAME = MyApp;
			};
			name = Debug;
		};
		390ACA0C20F72FFD002B64C0 /* Release */ = {
			isa = XCBuildConfiguration;
			buildSettings = {
				CODE_SIGN_STYLE = Automatic;
				INFOPLIST_FILE = MyAppUITests/Info.plist;
				LD_RUNPATH_SEARCH_PATHS = (
					"$(inherited)",
					"@executable_path/Frameworks",
					"@loader_path/Frameworks",
				);
				PRODUCT_BUNDLE_IDENTIFIER = test.MyAppUITests;
				PRODUCT_NAME = "$(TARGET_NAME)";
				TARGETED_DEVICE_FAMILY = "1,2";
				TEST_TARGET_NAME = MyApp;
			};
			name = Release;
		};
/* End XCBuildConfiguration section */

/* Begin XCConfigurationList section */
		390AC9D320F72FFC002B64C0 /* Build configuration list for PBXProject "MyApp" */ = {
			isa = XCConfigurationList;
			buildConfigurations = (
				390ACA0220F72FFD002B64C0 /* Debug */,
				390ACA0320F72FFD002B64C0 /* Release */,
			);
			defaultConfigurationIsVisible = 0;
			defaultConfigurationName = Release;
		};
		390ACA0420F72FFD002B64C0 /* Build configuration list for PBXNativeTarget "MyApp" */ = {
			isa = XCConfigurationList;
			buildConfigurations = (
				390ACA0520F72FFD002B64C0 /* Debug */,
				390ACA0620F72FFD002B64C0 /* Release */,
			);
			defaultConfigurationIsVisible = 0;
			defaultConfigurationName = Release;
		};
		390ACA0720F72FFD002B64C0 /* Build configuration list for PBXNativeTarget "MyAppTests" */ = {
			isa = XCConfigurationList;
			buildConfigurations = (
				390ACA0820F72FFD002B64C0 /* Debug */,
				390ACA0920F72FFD002B64C0 /* Release */,
			);
			defaultConfigurationIsVisible = 0;
			defaultConfigurationName = Release;
		};
		390ACA0A20F72FFD002B64C0 /* Build configuration list for PBXNativeTarget "MyAppUITests" */ = {
			isa = XCConfigurationList;
			buildConfigurations = (
				390ACA0B20F72FFD002B64C0 /* Debug */,
				390ACA0C20F72FFD002B64C0 /* Release */,
			);
			defaultConfigurationIsVisible = 0;
			defaultConfigurationName = Release;
		};
/* End XCConfigurationList section */
	};
	rootObject = 390AC9D020F72FFC002B64C0 /* Project object */;
}
